{
  "name": "k8s_ai_agent",
  "version": "1.0.0",
  "lockfileVersion": 3,
  "requires": true,
  "packages": {
    "": {
      "name": "k8s_ai_agent",
      "version": "1.0.0",
      "license": "ISC",
      "dependencies": {
        "pickleparser": "^0.2.1"
      }
    },
    "node_modules/pickleparser": {
      "version": "0.2.1",
      "resolved": "https://registry.npmjs.org/pickleparser/-/pickleparser-0.2.1.tgz",
      "integrity": "sha512-kMzY3uFYcR6OjOqr7nV2nkaXaBsUEOafu3zgPxeD6s/2ueMfVQH8lrymcDWBPGx0OkVxGMikxQit6jgByXjwBg==",
      "license": "MIT",
      "bin": {
        "pickleparser": "bin/pickletojson.js",
        "pickletojson": "bin/pickletojson.js"
      }
    }
  }
}
